
Microsoft Visual Studio Solution File, Format Version 12.00
# Visual Studio Version 17
VisualStudioVersion = 17.14.36414.22 d17.14
MinimumVisualStudioVersion = 10.0.40219.1
Project("{FAE04EC0-301F-11D3-BF4B-00C04F79EFBC}") = "EscapeRoomAdventure", "EscapeRoomAdventure\EscapeRoomAdventure.csproj", "{C2D1A23E-127B-447E-B15D-D7F93CC5E119}"
EndProject
Global
	GlobalSection(SolutionConfigurationPlatforms) = preSolution
		Debug|Any CPU = Debug|Any CPU
		Release|Any CPU = Release|Any CPU
	EndGlobalSection
	GlobalSection(ProjectConfigurationPlatforms) = postSolution
		{C2D1A23E-127B-447E-B15D-D7F93CC5E119}.Debug|Any CPU.ActiveCfg = Debug|Any CPU
		{C2D1A23E-127B-447E-B15D-D7F93CC5E119}.Debug|Any CPU.Build.0 = Debug|Any CPU
		{C2D1A23E-127B-447E-B15D-D7F93CC5E119}.Release|Any CPU.ActiveCfg = Release|Any CPU
		{C2D1A23E-127B-447E-B15D-D7F93CC5E119}.Release|Any CPU.Build.0 = Release|Any CPU
	EndGlobalSection
	GlobalSection(SolutionProperties) = preSolution
		HideSolutionNode = FALSE
	EndGlobalSection
	GlobalSection(ExtensibilityGlobals) = postSolution
		SolutionGuid = {278F3BC5-499F-470A-8AFB-359922CE2353}
	EndGlobalSection
EndGlobal
