
Microsoft Visual Studio Solution File, Format Version 12.00
# Visual Studio Version 17
VisualStudioVersion = 17.14.36121.58 d17.14
MinimumVisualStudioVersion = 10.0.40219.1
Project("{FAE04EC0-301F-11D3-BF4B-00C04F79EFBC}") = "CaesarCipher", "CaesarCipher.csproj", "{A5BE17F8-4604-4CA7-AC5B-CB8A826C85B3}"
EndProject
Global
	GlobalSection(SolutionConfigurationPlatforms) = preSolution
		Debug|Any CPU = Debug|Any CPU
		Release|Any CPU = Release|Any CPU
	EndGlobalSection
	GlobalSection(ProjectConfigurationPlatforms) = postSolution
		{A5BE17F8-4604-4CA7-AC5B-CB8A826C85B3}.Debug|Any CPU.ActiveCfg = Debug|Any CPU
		{A5BE17F8-4604-4CA7-AC5B-CB8A826C85B3}.Debug|Any CPU.Build.0 = Debug|Any CPU
		{A5BE17F8-4604-4CA7-AC5B-CB8A826C85B3}.Release|Any CPU.ActiveCfg = Release|Any CPU
		{A5BE17F8-4604-4CA7-AC5B-CB8A826C85B3}.Release|Any CPU.Build.0 = Release|Any CPU
	EndGlobalSection
	GlobalSection(SolutionProperties) = preSolution
		HideSolutionNode = FALSE
	EndGlobalSection
	GlobalSection(ExtensibilityGlobals) = postSolution
		SolutionGuid = {A01BB4CA-0203-475B-91ED-224CFFE5F9D7}
	EndGlobalSection
EndGlobal
