
Microsoft Visual Studio Solution File, Format Version 12.00
# Visual Studio Version 17
VisualStudioVersion = 17.14.36121.58 d17.14
MinimumVisualStudioVersion = 10.0.40219.1
Project("{FAE04EC0-301F-11D3-BF4B-00C04F79EFBC}") = "MoneyMaker", "MoneyMaker.csproj", "{F2B25703-878C-4767-8CCA-C5DB3798285C}"
EndProject
Global
	GlobalSection(SolutionConfigurationPlatforms) = preSolution
		Debug|Any CPU = Debug|Any CPU
		Release|Any CPU = Release|Any CPU
	EndGlobalSection
	GlobalSection(ProjectConfigurationPlatforms) = postSolution
		{F2B25703-878C-4767-8CCA-C5DB3798285C}.Debug|Any CPU.ActiveCfg = Debug|Any CPU
		{F2B25703-878C-4767-8CCA-C5DB3798285C}.Debug|Any CPU.Build.0 = Debug|Any CPU
		{F2B25703-878C-4767-8CCA-C5DB3798285C}.Release|Any CPU.ActiveCfg = Release|Any CPU
		{F2B25703-878C-4767-8CCA-C5DB3798285C}.Release|Any CPU.Build.0 = Release|Any CPU
	EndGlobalSection
	GlobalSection(SolutionProperties) = preSolution
		HideSolutionNode = FALSE
	EndGlobalSection
	GlobalSection(ExtensibilityGlobals) = postSolution
		SolutionGuid = {B8F6C48C-D9F4-41BC-BE8E-B1E3EC668298}
	EndGlobalSection
EndGlobal
