
Microsoft Visual Studio Solution File, Format Version 12.00
# Visual Studio Version 17
VisualStudioVersion = 17.14.36414.22 d17.14
MinimumVisualStudioVersion = 10.0.40219.1
Project("{FAE04EC0-301F-11D3-BF4B-00C04F79EFBC}") = "AppInterfaces", "AppInterfaces\AppInterfaces.csproj", "{961BD845-7663-4EF4-BFBE-A685235B3B24}"
EndProject
Global
	GlobalSection(SolutionConfigurationPlatforms) = preSolution
		Debug|Any CPU = Debug|Any CPU
		Release|Any CPU = Release|Any CPU
	EndGlobalSection
	GlobalSection(ProjectConfigurationPlatforms) = postSolution
		{961BD845-7663-4EF4-BFBE-A685235B3B24}.Debug|Any CPU.ActiveCfg = Debug|Any CPU
		{961BD845-7663-4EF4-BFBE-A685235B3B24}.Debug|Any CPU.Build.0 = Debug|Any CPU
		{961BD845-7663-4EF4-BFBE-A685235B3B24}.Release|Any CPU.ActiveCfg = Release|Any CPU
		{961BD845-7663-4EF4-BFBE-A685235B3B24}.Release|Any CPU.Build.0 = Release|Any CPU
	EndGlobalSection
	GlobalSection(SolutionProperties) = preSolution
		HideSolutionNode = FALSE
	EndGlobalSection
	GlobalSection(ExtensibilityGlobals) = postSolution
		SolutionGuid = {C7170C46-947D-460A-950D-27A1DFF0BF65}
	EndGlobalSection
EndGlobal
