
Microsoft Visual Studio Solution File, Format Version 12.00
# Visual Studio Version 17
VisualStudioVersion = 17.14.36121.58 d17.14
MinimumVisualStudioVersion = 10.0.40219.1
Project("{FAE04EC0-301F-11D3-BF4B-00C04F79EFBC}") = "ArchitectArithmetic", "ArchitectArithmetic.csproj", "{89180F40-9BB2-470D-9294-0D5ADA332C93}"
EndProject
Global
	GlobalSection(SolutionConfigurationPlatforms) = preSolution
		Debug|Any CPU = Debug|Any CPU
		Release|Any CPU = Release|Any CPU
	EndGlobalSection
	GlobalSection(ProjectConfigurationPlatforms) = postSolution
		{89180F40-9BB2-470D-9294-0D5ADA332C93}.Debug|Any CPU.ActiveCfg = Debug|Any CPU
		{89180F40-9BB2-470D-9294-0D5ADA332C93}.Debug|Any CPU.Build.0 = Debug|Any CPU
		{89180F40-9BB2-470D-9294-0D5ADA332C93}.Release|Any CPU.ActiveCfg = Release|Any CPU
		{89180F40-9BB2-470D-9294-0D5ADA332C93}.Release|Any CPU.Build.0 = Release|Any CPU
	EndGlobalSection
	GlobalSection(SolutionProperties) = preSolution
		HideSolutionNode = FALSE
	EndGlobalSection
	GlobalSection(ExtensibilityGlobals) = postSolution
		SolutionGuid = {1FEAC7BC-1498-44E4-A661-F291E5DE73D4}
	EndGlobalSection
EndGlobal
