
Microsoft Visual Studio Solution File, Format Version 12.00
# Visual Studio Version 17
VisualStudioVersion = 17.14.36414.22 d17.14
MinimumVisualStudioVersion = 10.0.40219.1
Project("{FAE04EC0-301F-11D3-BF4B-00C04F79EFBC}") = "CyberLibraryManagementSystem", "CyberLibraryManagementSystem\CyberLibraryManagementSystem.csproj", "{1E2FB260-C028-4248-B13C-6ED5F5334507}"
EndProject
Global
	GlobalSection(SolutionConfigurationPlatforms) = preSolution
		Debug|Any CPU = Debug|Any CPU
		Release|Any CPU = Release|Any CPU
	EndGlobalSection
	GlobalSection(ProjectConfigurationPlatforms) = postSolution
		{1E2FB260-C028-4248-B13C-6ED5F5334507}.Debug|Any CPU.ActiveCfg = Debug|Any CPU
		{1E2FB260-C028-4248-B13C-6ED5F5334507}.Debug|Any CPU.Build.0 = Debug|Any CPU
		{1E2FB260-C028-4248-B13C-6ED5F5334507}.Release|Any CPU.ActiveCfg = Release|Any CPU
		{1E2FB260-C028-4248-B13C-6ED5F5334507}.Release|Any CPU.Build.0 = Release|Any CPU
	EndGlobalSection
	GlobalSection(SolutionProperties) = preSolution
		HideSolutionNode = FALSE
	EndGlobalSection
	GlobalSection(ExtensibilityGlobals) = postSolution
		SolutionGuid = {626C6636-20F6-4338-9754-FAF91654D11C}
	EndGlobalSection
EndGlobal
